
Microsoft Visual Studio Solution File, Format Version 12.00
# Visual Studio 2013
VisualStudioVersion = 12.0.31101.0
MinimumVisualStudioVersion = 10.0.40219.1
Project("{FAE04EC0-301F-11D3-BF4B-00C04F79EFBC}") = "WeDecide", "WeDecide\WeDecide.csproj", "{2AD4DDD8-01C8-4F01-8DB7-B51B2163DE73}"
EndProject
Project("{FAE04EC0-301F-11D3-BF4B-00C04F79EFBC}") = "WeDecideEFTests", "WeDecideEFTests\WeDecideEFTests.csproj", "{BEA1EED0-6549-4DB7-90D2-0978FD302B33}"
EndProject
Project("{2150E333-8FDC-42A3-9474-1A3956D46DE8}") = ".nuget", ".nuget", "{0C8A96C0-1CDF-4231-AEB6-9C5D7A91221B}"
	ProjectSection(SolutionItems) = preProject
		.nuget\NuGet.Config = .nuget\NuGet.Config
		.nuget\NuGet.exe = .nuget\NuGet.exe
		.nuget\NuGet.targets = .nuget\NuGet.targets
	EndProjectSection
EndProject
Global
	GlobalSection(SolutionConfigurationPlatforms) = preSolution
		Debug|Any CPU = Debug|Any CPU
		Release|Any CPU = Release|Any CPU
	EndGlobalSection
	GlobalSection(ProjectConfigurationPlatforms) = postSolution
		{2AD4DDD8-01C8-4F01-8DB7-B51B2163DE73}.Debug|Any CPU.ActiveCfg = Debug|Any CPU
		{2AD4DDD8-01C8-4F01-8DB7-B51B2163DE73}.Debug|Any CPU.Build.0 = Debug|Any CPU
		{2AD4DDD8-01C8-4F01-8DB7-B51B2163DE73}.Release|Any CPU.ActiveCfg = Release|Any CPU
		{2AD4DDD8-01C8-4F01-8DB7-B51B2163DE73}.Release|Any CPU.Build.0 = Release|Any CPU
		{BEA1EED0-6549-4DB7-90D2-0978FD302B33}.Debug|Any CPU.ActiveCfg = Debug|Any CPU
		{BEA1EED0-6549-4DB7-90D2-0978FD302B33}.Debug|Any CPU.Build.0 = Debug|Any CPU
		{BEA1EED0-6549-4DB7-90D2-0978FD302B33}.Release|Any CPU.ActiveCfg = Release|Any CPU
		{BEA1EED0-6549-4DB7-90D2-0978FD302B33}.Release|Any CPU.Build.0 = Release|Any CPU
	EndGlobalSection
	GlobalSection(SolutionProperties) = preSolution
		HideSolutionNode = FALSE
	EndGlobalSection
EndGlobal
